{
  "version": 4,
  "terraform_version": "0.12.10",
  "serial": 4,
  "lineage": "d53eac69-106c-2bda-3590-a33dda62bd0c",
  "outputs": {
    "ip": {
      "value": "35.240.49.75",
      "type": "string"
    }
  },
  "resources": [
    {
      "mode": "managed",
      "type": "google_compute_instance",
      "name": "vm_instance",
      "provider": "provider.google",
      "instances": [
        {
          "schema_version": 6,
          "attributes": {
            "allow_stopping_for_update": null,
            "attached_disk": [],
            "boot_disk": [
              {
                "auto_delete": true,
                "device_name": "persistent-disk-0",
                "disk_encryption_key_raw": "",
                "disk_encryption_key_sha256": "",
                "initialize_params": [
                  {
                    "image": "https://www.googleapis.com/compute/v1/projects/ubuntu-os-cloud/global/images/ubuntu-1604-xenial-v20191010",
                    "labels": {},
                    "size": 10,
                    "type": "pd-standard"
                  }
                ],
                "kms_key_self_link": "",
                "mode": "READ_WRITE",
                "source": "https://www.googleapis.com/compute/v1/projects/gluo-sandbox/zones/europe-west1-b/disks/terraform-instance-google-student1"
              }
            ],
            "can_ip_forward": false,
            "cpu_platform": "Intel Haswell",
            "deletion_protection": false,
            "description": "",
            "disk": [],
            "guest_accelerator": [],
            "hostname": "",
            "id": "terraform-instance-google-student1",
            "instance_id": "5696821327709828476",
            "label_fingerprint": "42WmSpB8rSM=",
            "labels": {},
            "machine_type": "g1-small",
            "metadata": {
              "ssh-keys": "ubuntu:ssh-rsa AAAAB3NzaC1yc2EAAAADAQABAAABAQCiPMnEZoPD3ZtnA2V3Zlpo+z1BdwDnztD38WqYeFqhFQyNIABuxsKc+OiZfxm3R4g+VyNWqRT4poPex/JIHq9B8ACIAZdfGWe05xHXtas4XqshXxweocK8Y2lsd2wehWsJ4gH9vVyg/JvxXAxfNEEVxzodD9MFJJNjtTsx6vH+6PhsiG3xmql7fUDEIp/tLFJ7nzKKFbV4hPLaCS5eNSxyyjkL52VvIrh5SxhebAJMaVVvjhJPrH3pELUX2hMcKOaocqJ02/WnLbki6+p+zCaL6xIMMwfajXbQmfb6FoF1X72V08/Ll/3lO7EGZxvq75rB+v3y9C9QrtYHXM3++jpV ubuntu@studentX-management\n",
              "startup-script": "        sudo hostname terraform-instance-google-student1\n        echo '127.0.1.1 terraform-instance-google-student1' | sudo tee -a /etc/hosts\n        curl -fsSL https://get.docker.com/ | sh\n        sudo usermod -aG docker ubuntu\n"
            },
            "metadata_fingerprint": "rXwt3EBfslc=",
            "metadata_startup_script": null,
            "min_cpu_platform": "",
            "name": "terraform-instance-google-student1",
            "network_interface": [
              {
                "access_config": [
                  {
                    "assigned_nat_ip": "",
                    "nat_ip": "35.240.49.75",
                    "network_tier": "PREMIUM",
                    "public_ptr_domain_name": ""
                  }
                ],
                "address": "",
                "alias_ip_range": [],
                "name": "nic0",
                "network": "https://www.googleapis.com/compute/v1/projects/gluo-sandbox/global/networks/default",
                "network_ip": "10.132.0.55",
                "subnetwork": "https://www.googleapis.com/compute/v1/projects/gluo-sandbox/regions/europe-west1/subnetworks/default",
                "subnetwork_project": "gluo-sandbox"
              }
            ],
            "project": "gluo-sandbox",
            "scheduling": [
              {
                "automatic_restart": true,
                "node_affinities": [],
                "on_host_maintenance": "MIGRATE",
                "preemptible": false
              }
            ],
            "scratch_disk": [],
            "self_link": "https://www.googleapis.com/compute/v1/projects/gluo-sandbox/zones/europe-west1-b/instances/terraform-instance-google-student1",
            "service_account": [],
            "shielded_instance_config": [],
            "tags": [],
            "tags_fingerprint": "42WmSpB8rSM=",
            "timeouts": null,
            "zone": "europe-west1-b"
          },
          "private": "eyJlMmJmYjczMC1lY2FhLTExZTYtOGY4OC0zNDM2M2JjN2M0YzAiOnsiY3JlYXRlIjoxMjAwMDAwMDAwMDAwLCJkZWxldGUiOjEyMDAwMDAwMDAwMDAsInVwZGF0ZSI6MTIwMDAwMDAwMDAwMH0sInNjaGVtYV92ZXJzaW9uIjoiNiJ9"
        }
      ]
    },
    {
      "mode": "managed",
      "type": "google_dns_record_set",
      "name": "a",
      "provider": "provider.google",
      "instances": [
        {
          "schema_version": 0,
          "attributes": {
            "id": "google-gluo-cloud/1.tf.google.gluo.cloud./A",
            "managed_zone": "google-gluo-cloud",
            "name": "1.tf.google.gluo.cloud.",
            "project": "gluo-sandbox",
            "rrdatas": [
              "35.240.49.75"
            ],
            "ttl": 60,
            "type": "A"
          },
          "private": "bnVsbA==",
          "depends_on": [
            "google_compute_instance.vm_instance"
          ]
        }
      ]
    }
  ]
}
