{
  "version": 4,
  "terraform_version": "0.12.10",
  "serial": 8,
  "lineage": "ee6fc529-982e-4f1a-b0fe-b853e89eff7d",
  "outputs": {},
  "resources": [
    {
      "mode": "managed",
      "type": "aws_instance",
      "name": "ec2-instance",
      "provider": "provider.aws",
      "instances": [
        {
          "schema_version": 1,
          "attributes": {
            "ami": "ami-03ef731cc103c9f09",
            "arn": "arn:aws:ec2:eu-west-1:119555522314:instance/i-0f23b342bec6b7689",
            "associate_public_ip_address": true,
            "availability_zone": "eu-west-1a",
            "cpu_core_count": 1,
            "cpu_threads_per_core": 1,
            "credit_specification": [
              {
                "cpu_credits": "standard"
              }
            ],
            "disable_api_termination": false,
            "ebs_block_device": [],
            "ebs_optimized": false,
            "ephemeral_block_device": [],
            "get_password_data": false,
            "host_id": null,
            "iam_instance_profile": "",
            "id": "i-0f23b342bec6b7689",
            "instance_initiated_shutdown_behavior": null,
            "instance_state": "running",
            "instance_type": "t2.micro",
            "ipv6_address_count": 0,
            "ipv6_addresses": [],
            "key_name": "workshop-key-student1",
            "monitoring": false,
            "network_interface": [],
            "network_interface_id": null,
            "password_data": "",
            "placement_group": "",
            "primary_network_interface_id": "eni-0e04eef71b28ffbcf",
            "private_dns": "ip-172-31-29-82.eu-west-1.compute.internal",
            "private_ip": "172.31.29.82",
            "public_dns": "ec2-3-248-233-170.eu-west-1.compute.amazonaws.com",
            "public_ip": "3.248.233.170",
            "root_block_device": [
              {
                "delete_on_termination": true,
                "encrypted": false,
                "iops": 100,
                "kms_key_id": "",
                "volume_id": "vol-03b2df1d9b0dd2829",
                "volume_size": 8,
                "volume_type": "gp2"
              }
            ],
            "security_groups": [
              "allow-all-outbound-student1",
              "allow-http-student1",
              "allow-ssh-student1"
            ],
            "source_dest_check": true,
            "subnet_id": "subnet-4481bd0d",
            "tags": {
              "Name": "terraform-instance-aws-student1"
            },
            "tenancy": "default",
            "timeouts": null,
            "user_data": null,
            "user_data_base64": null,
            "volume_tags": {},
            "vpc_security_group_ids": [
              "sg-041fcafdcd6bf83e8",
              "sg-0e5f75336b33322c6",
              "sg-0f90f3abed172296e"
            ]
          },
          "private": "eyJlMmJmYjczMC1lY2FhLTExZTYtOGY4OC0zNDM2M2JjN2M0YzAiOnsiY3JlYXRlIjo2MDAwMDAwMDAwMDAsImRlbGV0ZSI6MTIwMDAwMDAwMDAwMCwidXBkYXRlIjo2MDAwMDAwMDAwMDB9LCJzY2hlbWFfdmVyc2lvbiI6IjEifQ==",
          "depends_on": [
            "aws_key_pair.workshop_key",
            "aws_security_group.allow_http",
            "aws_security_group.allow_outbound",
            "aws_security_group.allow_ssh"
          ]
        }
      ]
    },
    {
      "mode": "managed",
      "type": "aws_key_pair",
      "name": "workshop_key",
      "provider": "provider.aws",
      "instances": [
        {
          "schema_version": 1,
          "attributes": {
            "fingerprint": "df:c7:b5:41:f7:f7:ff:69:5d:fa:61:70:2d:c1:9a:b5",
            "id": "workshop-key-student1",
            "key_name": "workshop-key-student1",
            "key_name_prefix": null,
            "public_key": "ssh-rsa AAAAB3NzaC1yc2EAAAADAQABAAABAQCiPMnEZoPD3ZtnA2V3Zlpo+z1BdwDnztD38WqYeFqhFQyNIABuxsKc+OiZfxm3R4g+VyNWqRT4poPex/JIHq9B8ACIAZdfGWe05xHXtas4XqshXxweocK8Y2lsd2wehWsJ4gH9vVyg/JvxXAxfNEEVxzodD9MFJJNjtTsx6vH+6PhsiG3xmql7fUDEIp/tLFJ7nzKKFbV4hPLaCS5eNSxyyjkL52VvIrh5SxhebAJMaVVvjhJPrH3pELUX2hMcKOaocqJ02/WnLbki6+p+zCaL6xIMMwfajXbQmfb6FoF1X72V08/Ll/3lO7EGZxvq75rB+v3y9C9QrtYHXM3++jpV ubuntu@studentX-management"
          },
          "private": "eyJzY2hlbWFfdmVyc2lvbiI6IjEifQ=="
        }
      ]
    },
    {
      "mode": "managed",
      "type": "aws_route53_record",
      "name": "gluo-cloud",
      "provider": "provider.aws",
      "instances": [
        {
          "schema_version": 2,
          "attributes": {
            "alias": [],
            "allow_overwrite": null,
            "failover_routing_policy": [],
            "fqdn": "1.tf.aws.gluo.cloud",
            "geolocation_routing_policy": [],
            "health_check_id": "",
            "id": "Z21MGD5XPMOZBV_1.tf.aws.gluo.cloud._CNAME",
            "latency_routing_policy": [],
            "multivalue_answer_routing_policy": null,
            "name": "1.tf.aws.gluo.cloud",
            "records": [
              "ec2-3-248-233-170.eu-west-1.compute.amazonaws.com"
            ],
            "set_identifier": "",
            "ttl": 60,
            "type": "CNAME",
            "weighted_routing_policy": [],
            "zone_id": "Z21MGD5XPMOZBV"
          },
          "private": "eyJzY2hlbWFfdmVyc2lvbiI6IjIifQ==",
          "depends_on": [
            "aws_instance.ec2-instance"
          ]
        }
      ]
    },
    {
      "mode": "managed",
      "type": "aws_security_group",
      "name": "allow_http",
      "provider": "provider.aws",
      "instances": [
        {
          "schema_version": 1,
          "attributes": {
            "arn": "arn:aws:ec2:eu-west-1:119555522314:security-group/sg-0f90f3abed172296e",
            "description": "Allow HTTP inbound traffic",
            "egress": [],
            "id": "sg-0f90f3abed172296e",
            "ingress": [
              {
                "cidr_blocks": [
                  "0.0.0.0/0"
                ],
                "description": "",
                "from_port": 80,
                "ipv6_cidr_blocks": [],
                "prefix_list_ids": [],
                "protocol": "tcp",
                "security_groups": [],
                "self": false,
                "to_port": 80
              }
            ],
            "name": "allow-http-student1",
            "name_prefix": null,
            "owner_id": "119555522314",
            "revoke_rules_on_delete": false,
            "tags": {},
            "timeouts": null,
            "vpc_id": "vpc-b66b6ad1"
          },
          "private": "eyJlMmJmYjczMC1lY2FhLTExZTYtOGY4OC0zNDM2M2JjN2M0YzAiOnsiY3JlYXRlIjo2MDAwMDAwMDAwMDAsImRlbGV0ZSI6NjAwMDAwMDAwMDAwfSwic2NoZW1hX3ZlcnNpb24iOiIxIn0="
        }
      ]
    },
    {
      "mode": "managed",
      "type": "aws_security_group",
      "name": "allow_outbound",
      "provider": "provider.aws",
      "instances": [
        {
          "schema_version": 1,
          "attributes": {
            "arn": "arn:aws:ec2:eu-west-1:119555522314:security-group/sg-0e5f75336b33322c6",
            "description": "Allow all outbound traffic",
            "egress": [
              {
                "cidr_blocks": [
                  "0.0.0.0/0"
                ],
                "description": "",
                "from_port": 0,
                "ipv6_cidr_blocks": [],
                "prefix_list_ids": [],
                "protocol": "-1",
                "security_groups": [],
                "self": false,
                "to_port": 0
              }
            ],
            "id": "sg-0e5f75336b33322c6",
            "ingress": [],
            "name": "allow-all-outbound-student1",
            "name_prefix": null,
            "owner_id": "119555522314",
            "revoke_rules_on_delete": false,
            "tags": {},
            "timeouts": null,
            "vpc_id": "vpc-b66b6ad1"
          },
          "private": "eyJlMmJmYjczMC1lY2FhLTExZTYtOGY4OC0zNDM2M2JjN2M0YzAiOnsiY3JlYXRlIjo2MDAwMDAwMDAwMDAsImRlbGV0ZSI6NjAwMDAwMDAwMDAwfSwic2NoZW1hX3ZlcnNpb24iOiIxIn0="
        }
      ]
    },
    {
      "mode": "managed",
      "type": "aws_security_group",
      "name": "allow_ssh",
      "provider": "provider.aws",
      "instances": [
        {
          "schema_version": 1,
          "attributes": {
            "arn": "arn:aws:ec2:eu-west-1:119555522314:security-group/sg-041fcafdcd6bf83e8",
            "description": "Allow SSH inbound traffic",
            "egress": [],
            "id": "sg-041fcafdcd6bf83e8",
            "ingress": [
              {
                "cidr_blocks": [
                  "0.0.0.0/0"
                ],
                "description": "",
                "from_port": 22,
                "ipv6_cidr_blocks": [],
                "prefix_list_ids": [],
                "protocol": "tcp",
                "security_groups": [],
                "self": false,
                "to_port": 22
              }
            ],
            "name": "allow-ssh-student1",
            "name_prefix": null,
            "owner_id": "119555522314",
            "revoke_rules_on_delete": false,
            "tags": {},
            "timeouts": null,
            "vpc_id": "vpc-b66b6ad1"
          },
          "private": "eyJlMmJmYjczMC1lY2FhLTExZTYtOGY4OC0zNDM2M2JjN2M0YzAiOnsiY3JlYXRlIjo2MDAwMDAwMDAwMDAsImRlbGV0ZSI6NjAwMDAwMDAwMDAwfSwic2NoZW1hX3ZlcnNpb24iOiIxIn0="
        }
      ]
    }
  ]
}
